lockfileVersion: 5.4

specifiers:
  chatgpt: ^4.4.1

dependencies:
  chatgpt: registry.npmmirror.com/chatgpt/4.4.1

packages:

  registry.npmmirror.com/chatgpt/4.4.1:
    resolution: {integrity: sha512-rccShNzq/aE4LMmwTW4IOHIAZgNRbX0KetVKRCdR4SkRXz63FWzOfu8pNbaN65gsvvXwXyRzD7W4LLDyXe4TYg==, registry: https://registry.npm.taobao.org/, tarball: https://registry.npmmirror.com/chatgpt/-/chatgpt-4.4.1.tgz}
    name: chatgpt
    version: 4.4.1
    engines: {node: '>=18'}
    dependencies:
      eventsource-parser: registry.npmmirror.com/eventsource-parser/0.0.5
      gpt-3-encoder: registry.npmmirror.com/gpt-3-encoder/1.1.4
      keyv: registry.npmmirror.com/keyv/4.5.2
      p-timeout: registry.npmmirror.com/p-timeout/6.1.1
      quick-lru: registry.npmmirror.com/quick-lru/6.1.1
      uuid: registry.npmmirror.com/uuid/9.0.0
    dev: false

  registry.npmmirror.com/eventsource-parser/0.0.5:
    resolution: {integrity: sha512-BAq82bC3ZW9fPYYZlofXBOAfbpmDzXIOsj+GOehQwgTUYsQZ6HtHs6zuRtge7Ph8OhS6lNH1kJF8q9dj17RcmA==, registry: https://registry.npm.taobao.org/, tarball: https://registry.npmmirror.com/eventsource-parser/-/eventsource-parser-0.0.5.tgz}
    name: eventsource-parser
    version: 0.0.5
    engines: {node: '>=12'}
    dev: false

  registry.npmmirror.com/gpt-3-encoder/1.1.4:
    resolution: {integrity: sha512-fSQRePV+HUAhCn7+7HL7lNIXNm6eaFWFbNLOOGtmSJ0qJycyQvj60OvRlH7mee8xAMjBDNRdMXlMwjAbMTDjkg==, registry: https://registry.npm.taobao.org/, tarball: https://registry.npmmirror.com/gpt-3-encoder/-/gpt-3-encoder-1.1.4.tgz}
    name: gpt-3-encoder
    version: 1.1.4
    dev: false

  registry.npmmirror.com/json-buffer/3.0.1:
    resolution: {integrity: sha512-4bV5BfR2mqfQTJm+V5tPPdf+ZpuhiIvTuAB5g8kcrXOZpTT/QwwVRWBywX1ozr6lEuPdbHxwaJlm9G6mI2sfSQ==, registry: https://registry.npm.taobao.org/, tarball: https://registry.npmmirror.com/json-buffer/-/json-buffer-3.0.1.tgz}
    name: json-buffer
    version: 3.0.1
    dev: false

  registry.npmmirror.com/keyv/4.5.2:
    resolution: {integrity: sha512-5MHbFaKn8cNSmVW7BYnijeAVlE4cYA/SVkifVgrh7yotnfhKmjuXpDKjrABLnT0SfHWV21P8ow07OGfRrNDg8g==, registry: https://registry.npm.taobao.org/, tarball: https://registry.npmmirror.com/keyv/-/keyv-4.5.2.tgz}
    name: keyv
    version: 4.5.2
    dependencies:
      json-buffer: registry.npmmirror.com/json-buffer/3.0.1
    dev: false

  registry.npmmirror.com/p-timeout/6.1.1:
    resolution: {integrity: sha512-yqz2Wi4fiFRpMmK0L2pGAU49naSUaP23fFIQL2Y6YT+qDGPoFwpvgQM/wzc6F8JoenUkIlAFa4Ql7NguXBxI7w==, registry: https://registry.npm.taobao.org/, tarball: https://registry.npmmirror.com/p-timeout/-/p-timeout-6.1.1.tgz}
    name: p-timeout
    version: 6.1.1
    engines: {node: '>=14.16'}
    dev: false

  registry.npmmirror.com/quick-lru/6.1.1:
    resolution: {integrity: sha512-S27GBT+F0NTRiehtbrgaSE1idUAJ5bX8dPAQTdylEyNlrdcH5X4Lz7Edz3DYzecbsCluD5zO8ZNEe04z3D3u6Q==, registry: https://registry.npm.taobao.org/, tarball: https://registry.npmmirror.com/quick-lru/-/quick-lru-6.1.1.tgz}
    name: quick-lru
    version: 6.1.1
    engines: {node: '>=12'}
    dev: false

  registry.npmmirror.com/uuid/9.0.0:
    resolution: {integrity: sha512-MXcSTerfPa4uqyzStbRoTgt5XIe3x5+42+q1sDuy3R5MDk66URdLMOZe5aPX/SQd+kuYAh0FdP/pO28IkQyTeg==, registry: https://registry.npm.taobao.org/, tarball: https://registry.npmmirror.com/uuid/-/uuid-9.0.0.tgz}
    name: uuid
    version: 9.0.0
    hasBin: true
    dev: false
